
Microsoft Visual Studio Solution File, Format Version 12.00
# Visual Studio Version 17
VisualStudioVersion = 17.7.34202.233
MinimumVisualStudioVersion = 10.0.40219.1
Project("{FAE04EC0-301F-11D3-BF4B-00C04F79EFBC}") = "busca-cep", "busca-cep.csproj", "{BBFD8266-8F49-4588-8696-118783B541B5}"
EndProject
Global
	GlobalSection(SolutionConfigurationPlatforms) = preSolution
		Debug|Any CPU = Debug|Any CPU
		Release|Any CPU = Release|Any CPU
	EndGlobalSection
	GlobalSection(ProjectConfigurationPlatforms) = postSolution
		{BBFD8266-8F49-4588-8696-118783B541B5}.Debug|Any CPU.ActiveCfg = Debug|Any CPU
		{BBFD8266-8F49-4588-8696-118783B541B5}.Debug|Any CPU.Build.0 = Debug|Any CPU
		{BBFD8266-8F49-4588-8696-118783B541B5}.Release|Any CPU.ActiveCfg = Release|Any CPU
		{BBFD8266-8F49-4588-8696-118783B541B5}.Release|Any CPU.Build.0 = Release|Any CPU
	EndGlobalSection
	GlobalSection(SolutionProperties) = preSolution
		HideSolutionNode = FALSE
	EndGlobalSection
	GlobalSection(ExtensibilityGlobals) = postSolution
		SolutionGuid = {2011BCE7-BEC6-44C1-B51C-372EF13CD5FA}
	EndGlobalSection
EndGlobal
